// !$*UTF8*$!
{
	archiveVersion = 1;
	classes = {
	};
	objectVersion = 46;
	objects = {

/* Begin PBXBuildFile section */
		CE2AE653190D994E00647A4E /* libKiwi-XCTest.a in Frameworks */ = {isa = PBXBuildFile; fileRef = CE2AE652190D994E00647A4E /* libKiwi-XCTest.a */; };
		CE9B15121754CF2E006BF165 /* UIKit.framework in Frameworks */ = {isa = PBXBuildFile; fileRef = CE9B15111754CF2E006BF165 /* UIKit.framework */; };
		CE9B15141754CF2E006BF165 /* Foundation.framework in Frameworks */ = {isa = PBXBuildFile; fileRef = CE9B15131754CF2E006BF165 /* Foundation.framework */; };
		CE9B15161754CF2E006BF165 /* CoreGraphics.framework in Frameworks */ = {isa = PBXBuildFile; fileRef = CE9B15151754CF2E006BF165 /* CoreGraphics.framework */; };
		CE9B151C1754CF2E006BF165 /* InfoPlist.strings in Resources */ = {isa = PBXBuildFile; fileRef = CE9B151A1754CF2E006BF165 /* InfoPlist.strings */; };
		CE9B151E1754CF2E006BF165 /* main.m in Sources */ = {isa = PBXBuildFile; fileRef = CE9B151D1754CF2E006BF165 /* main.m */; };
		CE9B15221754CF2E006BF165 /* RPLAppDelegate.m in Sources */ = {isa = PBXBuildFile; fileRef = CE9B15211754CF2E006BF165 /* RPLAppDelegate.m */; };
		CE9B15241754CF2E006BF165 /* Default.png in Resources */ = {isa = PBXBuildFile; fileRef = CE9B15231754CF2E006BF165 /* Default.png */; };
		CE9B15261754CF2E006BF165 /* Default@2x.png in Resources */ = {isa = PBXBuildFile; fileRef = CE9B15251754CF2E006BF165 /* Default@2x.png */; };
		CE9B15281754CF2E006BF165 /* Default-568h@2x.png in Resources */ = {isa = PBXBuildFile; fileRef = CE9B15271754CF2E006BF165 /* Default-568h@2x.png */; };
		CE9B152B1754CF2E006BF165 /* RPLViewController.m in Sources */ = {isa = PBXBuildFile; fileRef = CE9B152A1754CF2E006BF165 /* RPLViewController.m */; };
		CED138AC190C399B00B5FFCA /* RPLThrowAwayAnimationView.m in Sources */ = {isa = PBXBuildFile; fileRef = CED138AB190C399B00B5FFCA /* RPLThrowAwayAnimationView.m */; };
		CED138DD190C75D500B5FFCA /* XCTest.framework in Frameworks */ = {isa = PBXBuildFile; fileRef = CED138DC190C75D500B5FFCA /* XCTest.framework */; };
		CED138DE190C75D500B5FFCA /* Foundation.framework in Frameworks */ = {isa = PBXBuildFile; fileRef = CE9B15131754CF2E006BF165 /* Foundation.framework */; };
		CED138DF190C75D500B5FFCA /* UIKit.framework in Frameworks */ = {isa = PBXBuildFile; fileRef = CE9B15111754CF2E006BF165 /* UIKit.framework */; };
		CED138E5190C75D500B5FFCA /* InfoPlist.strings in Resources */ = {isa = PBXBuildFile; fileRef = CED138E3190C75D500B5FFCA /* InfoPlist.strings */; };
		CED138F0190C776E00B5FFCA /* RPLThrowAwayAnimationViewTests.m in Sources */ = {isa = PBXBuildFile; fileRef = CED138EF190C776E00B5FFCA /* RPLThrowAwayAnimationViewTests.m */; };
/* End PBXBuildFile section */

/* Begin PBXContainerItemProxy section */
		CE119BF6190FA97C00F3C8A9 /* PBXContainerItemProxy */ = {
			isa = PBXContainerItemProxy;
			containerPortal = CED139AD190C77B000B5FFCA /* Kiwi.xcodeproj */;
			proxyType = 2;
			remoteGlobalIDString = F5015B9F11583A77002E9A98;
			remoteInfo = Kiwi;
		};
		CE119BF8190FA97C00F3C8A9 /* PBXContainerItemProxy */ = {
			isa = PBXContainerItemProxy;
			containerPortal = CED139AD190C77B000B5FFCA /* Kiwi.xcodeproj */;
			proxyType = 2;
			remoteGlobalIDString = 832C83C7157263B300F160D5;
			remoteInfo = "Kiwi-OSX";
		};
		CE119BFA190FA97C00F3C8A9 /* PBXContainerItemProxy */ = {
			isa = PBXContainerItemProxy;
			containerPortal = CED139AD190C77B000B5FFCA /* Kiwi.xcodeproj */;
			proxyType = 2;
			remoteGlobalIDString = F5015C9E11584017002E9A98;
			remoteInfo = KiwiTests;
		};
		CE119BFC190FA97C00F3C8A9 /* PBXContainerItemProxy */ = {
			isa = PBXContainerItemProxy;
			containerPortal = CED139AD190C77B000B5FFCA /* Kiwi.xcodeproj */;
			proxyType = 2;
			remoteGlobalIDString = DA084E7317E3838100592D5A;
			remoteInfo = "Kiwi-XCTest";
		};
		CE119BFE190FA97C00F3C8A9 /* PBXContainerItemProxy */ = {
			isa = PBXContainerItemProxy;
			containerPortal = CED139AD190C77B000B5FFCA /* Kiwi.xcodeproj */;
			proxyType = 2;
			remoteGlobalIDString = DA084D3E17E3804200592D5A;
			remoteInfo = KiwiXCTests;
		};
		CED138E9190C75D500B5FFCA /* PBXContainerItemProxy */ = {
			isa = PBXContainerItemProxy;
			containerPortal = CE9B15061754CF2E006BF165 /* Project object */;
			proxyType = 1;
			remoteGlobalIDString = CE9B150D1754CF2E006BF165;
			remoteInfo = ThrowAwayAnimationExample;
		};
/* End PBXContainerItemProxy section */

/* Begin PBXFileReference section */
		CE2AE652190D994E00647A4E /* libKiwi-XCTest.a */ = {isa = PBXFileReference; lastKnownFileType = archive.ar; name = "libKiwi-XCTest.a"; path = "Submodules/Kiwi/build/Debug-iphoneos/libKiwi-XCTest.a"; sourceTree = "<group>"; };
		CE9B150E1754CF2E006BF165 /* ThrowAwayAnimationExample.app */ = {isa = PBXFileReference; explicitFileType = wrapper.application; includeInIndex = 0; path = ThrowAwayAnimationExample.app; sourceTree = BUILT_PRODUCTS_DIR; };
		CE9B15111754CF2E006BF165 /* UIKit.framework */ = {isa = PBXFileReference; lastKnownFileType = wrapper.framework; name = UIKit.framework; path = System/Library/Frameworks/UIKit.framework; sourceTree = SDKROOT; };
		CE9B15131754CF2E006BF165 /* Foundation.framework */ = {isa = PBXFileReference; lastKnownFileType = wrapper.framework; name = Foundation.framework; path = System/Library/Frameworks/Foundation.framework; sourceTree = SDKROOT; };
		CE9B15151754CF2E006BF165 /* CoreGraphics.framework */ = {isa = PBXFileReference; lastKnownFileType = wrapper.framework; name = CoreGraphics.framework; path = System/Library/Frameworks/CoreGraphics.framework; sourceTree = SDKROOT; };
		CE9B15191754CF2E006BF165 /* ThrowAwayAnimationExample-Info.plist */ = {isa = PBXFileReference; lastKnownFileType = text.plist.xml; path = "ThrowAwayAnimationExample-Info.plist"; sourceTree = "<group>"; };
		CE9B151B1754CF2E006BF165 /* en */ = {isa = PBXFileReference; lastKnownFileType = text.plist.strings; name = en; path = en.lproj/InfoPlist.strings; sourceTree = "<group>"; };
		CE9B151D1754CF2E006BF165 /* main.m */ = {isa = PBXFileReference; lastKnownFileType = sourcecode.c.objc; path = main.m; sourceTree = "<group>"; };
		CE9B151F1754CF2E006BF165 /* ThrowAwayAnimationExample-Prefix.pch */ = {isa = PBXFileReference; lastKnownFileType = sourcecode.c.h; path = "ThrowAwayAnimationExample-Prefix.pch"; sourceTree = "<group>"; };
		CE9B15201754CF2E006BF165 /* RPLAppDelegate.h */ = {isa = PBXFileReference; lastKnownFileType = sourcecode.c.h; path = RPLAppDelegate.h; sourceTree = "<group>"; };
		CE9B15211754CF2E006BF165 /* RPLAppDelegate.m */ = {isa = PBXFileReference; lastKnownFileType = sourcecode.c.objc; path = RPLAppDelegate.m; sourceTree = "<group>"; };
		CE9B15231754CF2E006BF165 /* Default.png */ = {isa = PBXFileReference; lastKnownFileType = image.png; path = Default.png; sourceTree = "<group>"; };
		CE9B15251754CF2E006BF165 /* Default@2x.png */ = {isa = PBXFileReference; lastKnownFileType = image.png; path = "Default@2x.png"; sourceTree = "<group>"; };
		CE9B15271754CF2E006BF165 /* Default-568h@2x.png */ = {isa = PBXFileReference; lastKnownFileType = image.png; path = "Default-568h@2x.png"; sourceTree = "<group>"; };
		CE9B15291754CF2E006BF165 /* RPLViewController.h */ = {isa = PBXFileReference; lastKnownFileType = sourcecode.c.h; path = RPLViewController.h; sourceTree = "<group>"; };
		CE9B152A1754CF2E006BF165 /* RPLViewController.m */ = {isa = PBXFileReference; lastKnownFileType = sourcecode.c.objc; path = RPLViewController.m; sourceTree = "<group>"; };
		CED138AA190C399B00B5FFCA /* RPLThrowAwayAnimationView.h */ = {isa = PBXFileReference; fileEncoding = 4; lastKnownFileType = sourcecode.c.h; path = RPLThrowAwayAnimationView.h; sourceTree = "<group>"; };
		CED138AB190C399B00B5FFCA /* RPLThrowAwayAnimationView.m */ = {isa = PBXFileReference; fileEncoding = 4; lastKnownFileType = sourcecode.c.objc; path = RPLThrowAwayAnimationView.m; sourceTree = "<group>"; };
		CED138DB190C75D500B5FFCA /* ThrowAwayAnimationExampleTests.xctest */ = {isa = PBXFileReference; explicitFileType = wrapper.cfbundle; includeInIndex = 0; path = ThrowAwayAnimationExampleTests.xctest; sourceTree = BUILT_PRODUCTS_DIR; };
		CED138DC190C75D500B5FFCA /* XCTest.framework */ = {isa = PBXFileReference; lastKnownFileType = wrapper.framework; name = XCTest.framework; path = Library/Frameworks/XCTest.framework; sourceTree = DEVELOPER_DIR; };
		CED138E2190C75D500B5FFCA /* ThrowAwayAnimationExampleTests-Info.plist */ = {isa = PBXFileReference; lastKnownFileType = text.plist.xml; path = "ThrowAwayAnimationExampleTests-Info.plist"; sourceTree = "<group>"; };
		CED138E4190C75D500B5FFCA /* en */ = {isa = PBXFileReference; lastKnownFileType = text.plist.strings; name = en; path = en.lproj/InfoPlist.strings; sourceTree = "<group>"; };
		CED138E8190C75D500B5FFCA /* ThrowAwayAnimationExampleTests-Prefix.pch */ = {isa = PBXFileReference; lastKnownFileType = sourcecode.c.h; path = "ThrowAwayAnimationExampleTests-Prefix.pch"; sourceTree = "<group>"; };
		CED138EF190C776E00B5FFCA /* RPLThrowAwayAnimationViewTests.m */ = {isa = PBXFileReference; fileEncoding = 4; lastKnownFileType = sourcecode.c.objc; path = RPLThrowAwayAnimationViewTests.m; sourceTree = "<group>"; };
		CED139AD190C77B000B5FFCA /* Kiwi.xcodeproj */ = {isa = PBXFileReference; lastKnownFileType = "wrapper.pb-project"; name = Kiwi.xcodeproj; path = Submodules/Kiwi/Kiwi.xcodeproj; sourceTree = "<group>"; };
		CED13AB7190CF98500B5FFCA /* SenTestingKit.framework */ = {isa = PBXFileReference; lastKnownFileType = wrapper.framework; name = SenTestingKit.framework; path = Library/Frameworks/SenTestingKit.framework; sourceTree = DEVELOPER_DIR; };
		CED13AB9190D7B7100B5FFCA /* RPLThrowAwayAnimationView_Private.h */ = {isa = PBXFileReference; lastKnownFileType = sourcecode.c.h; path = RPLThrowAwayAnimationView_Private.h; sourceTree = "<group>"; };
/* End PBXFileReference section */

/* Begin PBXFrameworksBuildPhase section */
		CE9B150B1754CF2E006BF165 /* Frameworks */ = {
			isa = PBXFrameworksBuildPhase;
			buildActionMask = 2147483647;
			files = (
				CE9B15121754CF2E006BF165 /* UIKit.framework in Frameworks */,
				CE9B15141754CF2E006BF165 /* Foundation.framework in Frameworks */,
				CE9B15161754CF2E006BF165 /* CoreGraphics.framework in Frameworks */,
			);
			runOnlyForDeploymentPostprocessing = 0;
		};
		CED138D8190C75D500B5FFCA /* Frameworks */ = {
			isa = PBXFrameworksBuildPhase;
			buildActionMask = 2147483647;
			files = (
				CE2AE653190D994E00647A4E /* libKiwi-XCTest.a in Frameworks */,
				CED138DD190C75D500B5FFCA /* XCTest.framework in Frameworks */,
				CED138DF190C75D500B5FFCA /* UIKit.framework in Frameworks */,
				CED138DE190C75D500B5FFCA /* Foundation.framework in Frameworks */,
			);
			runOnlyForDeploymentPostprocessing = 0;
		};
/* End PBXFrameworksBuildPhase section */

/* Begin PBXGroup section */
		CE119BEE190FA97C00F3C8A9 /* Products */ = {
			isa = PBXGroup;
			children = (
				CE119BF7190FA97C00F3C8A9 /* libKiwi.a */,
				CE119BF9190FA97C00F3C8A9 /* libKiwi-OSX.a */,
				CE119BFB190FA97C00F3C8A9 /* KiwiTests.octest */,
				CE119BFD190FA97C00F3C8A9 /* libKiwi-XCTest.a */,
				CE119BFF190FA97C00F3C8A9 /* KiwiXCTests.xctest */,
			);
			name = Products;
			sourceTree = "<group>";
		};
		CE9B15051754CF2E006BF165 = {
			isa = PBXGroup;
			children = (
				CE9B15171754CF2E006BF165 /* ThrowAwayAnimationExample */,
				CED138E0190C75D500B5FFCA /* ThrowAwayAnimationExampleTests */,
				CE9B15101754CF2E006BF165 /* Frameworks */,
				CE9B150F1754CF2E006BF165 /* Products */,
			);
			sourceTree = "<group>";
		};
		CE9B150F1754CF2E006BF165 /* Products */ = {
			isa = PBXGroup;
			children = (
				CE9B150E1754CF2E006BF165 /* ThrowAwayAnimationExample.app */,
				CED138DB190C75D500B5FFCA /* ThrowAwayAnimationExampleTests.xctest */,
			);
			name = Products;
			sourceTree = "<group>";
		};
		CE9B15101754CF2E006BF165 /* Frameworks */ = {
			isa = PBXGroup;
			children = (
				CE2AE652190D994E00647A4E /* libKiwi-XCTest.a */,
				CED139AD190C77B000B5FFCA /* Kiwi.xcodeproj */,
				CED13AB7190CF98500B5FFCA /* SenTestingKit.framework */,
				CE9B15111754CF2E006BF165 /* UIKit.framework */,
				CE9B15131754CF2E006BF165 /* Foundation.framework */,
				CE9B15151754CF2E006BF165 /* CoreGraphics.framework */,
				CED138DC190C75D500B5FFCA /* XCTest.framework */,
			);
			name = Frameworks;
			sourceTree = "<group>";
		};
		CE9B15171754CF2E006BF165 /* ThrowAwayAnimationExample */ = {
			isa = PBXGroup;
			children = (
				CE9B15381754D201006BF165 /* UIViewThrowAwayAnimation */,
				CE9B15201754CF2E006BF165 /* RPLAppDelegate.h */,
				CE9B15211754CF2E006BF165 /* RPLAppDelegate.m */,
				CE9B15291754CF2E006BF165 /* RPLViewController.h */,
				CE9B152A1754CF2E006BF165 /* RPLViewController.m */,
				CE9B15181754CF2E006BF165 /* Supporting Files */,
			);
			path = ThrowAwayAnimationExample;
			sourceTree = "<group>";
		};
		CE9B15181754CF2E006BF165 /* Supporting Files */ = {
			isa = PBXGroup;
			children = (
				CE9B15191754CF2E006BF165 /* ThrowAwayAnimationExample-Info.plist */,
				CE9B151A1754CF2E006BF165 /* InfoPlist.strings */,
				CE9B151D1754CF2E006BF165 /* main.m */,
				CE9B151F1754CF2E006BF165 /* ThrowAwayAnimationExample-Prefix.pch */,
				CE9B15231754CF2E006BF165 /* Default.png */,
				CE9B15251754CF2E006BF165 /* Default@2x.png */,
				CE9B15271754CF2E006BF165 /* Default-568h@2x.png */,
			);
			name = "Supporting Files";
			sourceTree = "<group>";
		};
		CE9B15381754D201006BF165 /* UIViewThrowAwayAnimation */ = {
			isa = PBXGroup;
			children = (
				CED138AA190C399B00B5FFCA /* RPLThrowAwayAnimationView.h */,
				CED138AB190C399B00B5FFCA /* RPLThrowAwayAnimationView.m */,
				CED13AB9190D7B7100B5FFCA /* RPLThrowAwayAnimationView_Private.h */,
				CED138EF190C776E00B5FFCA /* RPLThrowAwayAnimationViewTests.m */,
			);
			path = UIViewThrowAwayAnimation;
			sourceTree = SOURCE_ROOT;
		};
		CED138E0190C75D500B5FFCA /* ThrowAwayAnimationExampleTests */ = {
			isa = PBXGroup;
			children = (
				CED138E1190C75D500B5FFCA /* Supporting Files */,
			);
			path = ThrowAwayAnimationExampleTests;
			sourceTree = "<group>";
		};
		CED138E1190C75D500B5FFCA /* Supporting Files */ = {
			isa = PBXGroup;
			children = (
				CED138E2190C75D500B5FFCA /* ThrowAwayAnimationExampleTests-Info.plist */,
				CED138E3190C75D500B5FFCA /* InfoPlist.strings */,
				CED138E8190C75D500B5FFCA /* ThrowAwayAnimationExampleTests-Prefix.pch */,
			);
			name = "Supporting Files";
			sourceTree = "<group>";
		};
/* End PBXGroup section */

/* Begin PBXNativeTarget section */
		CE9B150D1754CF2E006BF165 /* ThrowAwayAnimationExample */ = {
			isa = PBXNativeTarget;
			buildConfigurationList = CE9B15311754CF2E006BF165 /* Build configuration list for PBXNativeTarget "ThrowAwayAnimationExample" */;
			buildPhases = (
				CE9B150A1754CF2E006BF165 /* Sources */,
				CE9B150B1754CF2E006BF165 /* Frameworks */,
				CE9B150C1754CF2E006BF165 /* Resources */,
			);
			buildRules = (
			);
			dependencies = (
			);
			name = ThrowAwayAnimationExample;
			productName = ThrowAwayAnimationExample;
			productReference = CE9B150E1754CF2E006BF165 /* ThrowAwayAnimationExample.app */;
			productType = "com.apple.product-type.application";
		};
		CED138DA190C75D500B5FFCA /* ThrowAwayAnimationExampleTests */ = {
			isa = PBXNativeTarget;
			buildConfigurationList = CED138EB190C75D500B5FFCA /* Build configuration list for PBXNativeTarget "ThrowAwayAnimationExampleTests" */;
			buildPhases = (
				CED138D7190C75D500B5FFCA /* Sources */,
				CED138D8190C75D500B5FFCA /* Frameworks */,
				CED138D9190C75D500B5FFCA /* Resources */,
			);
			buildRules = (
			);
			dependencies = (
				CED138EA190C75D500B5FFCA /* PBXTargetDependency */,
			);
			name = ThrowAwayAnimationExampleTests;
			productName = ThrowAwayAnimationExampleTests;
			productReference = CED138DB190C75D500B5FFCA /* ThrowAwayAnimationExampleTests.xctest */;
			productType = "com.apple.product-type.bundle.unit-test";
		};
/* End PBXNativeTarget section */

/* Begin PBXProject section */
		CE9B15061754CF2E006BF165 /* Project object */ = {
			isa = PBXProject;
			attributes = {
				CLASSPREFIX = RPL;
				LastTestingUpgradeCheck = 0510;
				LastUpgradeCheck = 0460;
				ORGANIZATIONNAME = RedPandazLabs;
				TargetAttributes = {
					CED138DA190C75D500B5FFCA = {
						TestTargetID = CE9B150D1754CF2E006BF165;
					};
				};
			};
			buildConfigurationList = CE9B15091754CF2E006BF165 /* Build configuration list for PBXProject "ThrowAwayAnimationExample" */;
			compatibilityVersion = "Xcode 3.2";
			developmentRegion = English;
			hasScannedForEncodings = 0;
			knownRegions = (
				en,
			);
			mainGroup = CE9B15051754CF2E006BF165;
			productRefGroup = CE9B150F1754CF2E006BF165 /* Products */;
			projectDirPath = "";
			projectReferences = (
				{
					ProductGroup = CE119BEE190FA97C00F3C8A9 /* Products */;
					ProjectRef = CED139AD190C77B000B5FFCA /* Kiwi.xcodeproj */;
				},
			);
			projectRoot = "";
			targets = (
				CE9B150D1754CF2E006BF165 /* ThrowAwayAnimationExample */,
				CED138DA190C75D500B5FFCA /* ThrowAwayAnimationExampleTests */,
			);
		};
/* End PBXProject section */

/* Begin PBXReferenceProxy section */
		CE119BF7190FA97C00F3C8A9 /* libKiwi.a */ = {
			isa = PBXReferenceProxy;
			fileType = archive.ar;
			path = libKiwi.a;
			remoteRef = CE119BF6190FA97C00F3C8A9 /* PBXContainerItemProxy */;
			sourceTree = BUILT_PRODUCTS_DIR;
		};
		CE119BF9190FA97C00F3C8A9 /* libKiwi-OSX.a */ = {
			isa = PBXReferenceProxy;
			fileType = archive.ar;
			path = "libKiwi-OSX.a";
			remoteRef = CE119BF8190FA97C00F3C8A9 /* PBXContainerItemProxy */;
			sourceTree = BUILT_PRODUCTS_DIR;
		};
		CE119BFB190FA97C00F3C8A9 /* KiwiTests.octest */ = {
			isa = PBXReferenceProxy;
			fileType = wrapper.cfbundle;
			path = KiwiTests.octest;
			remoteRef = CE119BFA190FA97C00F3C8A9 /* PBXContainerItemProxy */;
			sourceTree = BUILT_PRODUCTS_DIR;
		};
		CE119BFD190FA97C00F3C8A9 /* libKiwi-XCTest.a */ = {
			isa = PBXReferenceProxy;
			fileType = archive.ar;
			path = "libKiwi-XCTest.a";
			remoteRef = CE119BFC190FA97C00F3C8A9 /* PBXContainerItemProxy */;
			sourceTree = BUILT_PRODUCTS_DIR;
		};
		CE119BFF190FA97C00F3C8A9 /* KiwiXCTests.xctest */ = {
			isa = PBXReferenceProxy;
			fileType = wrapper.cfbundle;
			path = KiwiXCTests.xctest;
			remoteRef = CE119BFE190FA97C00F3C8A9 /* PBXContainerItemProxy */;
			sourceTree = BUILT_PRODUCTS_DIR;
		};
/* End PBXReferenceProxy section */

/* Begin PBXResourcesBuildPhase section */
		CE9B150C1754CF2E006BF165 /* Resources */ = {
			isa = PBXResourcesBuildPhase;
			buildActionMask = 2147483647;
			files = (
				CE9B151C1754CF2E006BF165 /* InfoPlist.strings in Resources */,
				CE9B15241754CF2E006BF165 /* Default.png in Resources */,
				CE9B15261754CF2E006BF165 /* Default@2x.png in Resources */,
				CE9B15281754CF2E006BF165 /* Default-568h@2x.png in Resources */,
			);
			runOnlyForDeploymentPostprocessing = 0;
		};
		CED138D9190C75D500B5FFCA /* Resources */ = {
			isa = PBXResourcesBuildPhase;
			buildActionMask = 2147483647;
			files = (
				CED138E5190C75D500B5FFCA /* InfoPlist.strings in Resources */,
			);
			runOnlyForDeploymentPostprocessing = 0;
		};
/* End PBXResourcesBuildPhase section */

/* Begin PBXSourcesBuildPhase section */
		CE9B150A1754CF2E006BF165 /* Sources */ = {
			isa = PBXSourcesBuildPhase;
			buildActionMask = 2147483647;
			files = (
				CE9B151E1754CF2E006BF165 /* main.m in Sources */,
				CE9B15221754CF2E006BF165 /* RPLAppDelegate.m in Sources */,
				CE9B152B1754CF2E006BF165 /* RPLViewController.m in Sources */,
				CED138AC190C399B00B5FFCA /* RPLThrowAwayAnimationView.m in Sources */,
			);
			runOnlyForDeploymentPostprocessing = 0;
		};
		CED138D7190C75D500B5FFCA /* Sources */ = {
			isa = PBXSourcesBuildPhase;
			buildActionMask = 2147483647;
			files = (
				CED138F0190C776E00B5FFCA /* RPLThrowAwayAnimationViewTests.m in Sources */,
			);
			runOnlyForDeploymentPostprocessing = 0;
		};
/* End PBXSourcesBuildPhase section */

/* Begin PBXTargetDependency section */
		CED138EA190C75D500B5FFCA /* PBXTargetDependency */ = {
			isa = PBXTargetDependency;
			target = CE9B150D1754CF2E006BF165 /* ThrowAwayAnimationExample */;
			targetProxy = CED138E9190C75D500B5FFCA /* PBXContainerItemProxy */;
		};
/* End PBXTargetDependency section */

/* Begin PBXVariantGroup section */
		CE9B151A1754CF2E006BF165 /* InfoPlist.strings */ = {
			isa = PBXVariantGroup;
			children = (
				CE9B151B1754CF2E006BF165 /* en */,
			);
			name = InfoPlist.strings;
			sourceTree = "<group>";
		};
		CED138E3190C75D500B5FFCA /* InfoPlist.strings */ = {
			isa = PBXVariantGroup;
			children = (
				CED138E4190C75D500B5FFCA /* en */,
			);
			name = InfoPlist.strings;
			sourceTree = "<group>";
		};
/* End PBXVariantGroup section */

/* Begin XCBuildConfiguration section */
		CE9B152F1754CF2E006BF165 /* Debug */ = {
			isa = XCBuildConfiguration;
			buildSettings = {
				ALWAYS_SEARCH_USER_PATHS = NO;
				CLANG_CXX_LANGUAGE_STANDARD = "gnu++0x";
				CLANG_CXX_LIBRARY = "libc++";
				CLANG_ENABLE_OBJC_ARC = YES;
				CLANG_WARN_CONSTANT_CONVERSION = YES;
				CLANG_WARN_EMPTY_BODY = YES;
				CLANG_WARN_ENUM_CONVERSION = YES;
				CLANG_WARN_INT_CONVERSION = YES;
				CLANG_WARN__DUPLICATE_METHOD_MATCH = YES;
				"CODE_SIGN_IDENTITY[sdk=iphoneos*]" = "iPhone Developer";
				COPY_PHASE_STRIP = NO;
				GCC_C_LANGUAGE_STANDARD = gnu99;
				GCC_DYNAMIC_NO_PIC = NO;
				GCC_OPTIMIZATION_LEVEL = 0;
				GCC_PREPROCESSOR_DEFINITIONS = (
					"DEBUG=1",
					"$(inherited)",
				);
				GCC_SYMBOLS_PRIVATE_EXTERN = NO;
				GCC_WARN_ABOUT_RETURN_TYPE = YES;
				GCC_WARN_UNINITIALIZED_AUTOS = YES;
				GCC_WARN_UNUSED_VARIABLE = YES;
				IPHONEOS_DEPLOYMENT_TARGET = 6.1;
				ONLY_ACTIVE_ARCH = YES;
				OTHER_LDFLAGS = "-ObjC";
				SDKROOT = iphoneos;
			};
			name = Debug;
		};
		CE9B15301754CF2E006BF165 /* Release */ = {
			isa = XCBuildConfiguration;
			buildSettings = {
				ALWAYS_SEARCH_USER_PATHS = NO;
				CLANG_CXX_LANGUAGE_STANDARD = "gnu++0x";
				CLANG_CXX_LIBRARY = "libc++";
				CLANG_ENABLE_OBJC_ARC = YES;
				CLANG_WARN_CONSTANT_CONVERSION = YES;
				CLANG_WARN_EMPTY_BODY = YES;
				CLANG_WARN_ENUM_CONVERSION = YES;
				CLANG_WARN_INT_CONVERSION = YES;
				CLANG_WARN__DUPLICATE_METHOD_MATCH = YES;
				"CODE_SIGN_IDENTITY[sdk=iphoneos*]" = "iPhone Developer";
				COPY_PHASE_STRIP = YES;
				GCC_C_LANGUAGE_STANDARD = gnu99;
				GCC_WARN_ABOUT_RETURN_TYPE = YES;
				GCC_WARN_UNINITIALIZED_AUTOS = YES;
				GCC_WARN_UNUSED_VARIABLE = YES;
				IPHONEOS_DEPLOYMENT_TARGET = 6.1;
				OTHER_CFLAGS = "-DNS_BLOCK_ASSERTIONS=1";
				OTHER_LDFLAGS = "-ObjC";
				SDKROOT = iphoneos;
				VALIDATE_PRODUCT = YES;
			};
			name = Release;
		};
		CE9B15321754CF2E006BF165 /* Debug */ = {
			isa = XCBuildConfiguration;
			buildSettings = {
				GCC_PRECOMPILE_PREFIX_HEADER = YES;
				GCC_PREFIX_HEADER = "ThrowAwayAnimationExample/ThrowAwayAnimationExample-Prefix.pch";
				INFOPLIST_FILE = "ThrowAwayAnimationExample/ThrowAwayAnimationExample-Info.plist";
				PRODUCT_NAME = "$(TARGET_NAME)";
				WRAPPER_EXTENSION = app;
			};
			name = Debug;
		};
		CE9B15331754CF2E006BF165 /* Release */ = {
			isa = XCBuildConfiguration;
			buildSettings = {
				GCC_PRECOMPILE_PREFIX_HEADER = YES;
				GCC_PREFIX_HEADER = "ThrowAwayAnimationExample/ThrowAwayAnimationExample-Prefix.pch";
				INFOPLIST_FILE = "ThrowAwayAnimationExample/ThrowAwayAnimationExample-Info.plist";
				PRODUCT_NAME = "$(TARGET_NAME)";
				WRAPPER_EXTENSION = app;
			};
			name = Release;
		};
		CED138EC190C75D500B5FFCA /* Debug */ = {
			isa = XCBuildConfiguration;
			buildSettings = {
				BUNDLE_LOADER = "$(BUILT_PRODUCTS_DIR)/ThrowAwayAnimationExample.app/ThrowAwayAnimationExample";
				CLANG_ENABLE_MODULES = YES;
				CLANG_WARN_BOOL_CONVERSION = YES;
				CLANG_WARN_DIRECT_OBJC_ISA_USAGE = YES_ERROR;
				CLANG_WARN_OBJC_ROOT_CLASS = YES_ERROR;
				FRAMEWORK_SEARCH_PATHS = (
					"$(SDKROOT)/Developer/Library/Frameworks",
					"$(inherited)",
					"$(DEVELOPER_FRAMEWORKS_DIR)",
				);
				GCC_PRECOMPILE_PREFIX_HEADER = YES;
				GCC_PREFIX_HEADER = "ThrowAwayAnimationExampleTests/ThrowAwayAnimationExampleTests-Prefix.pch";
				GCC_PREPROCESSOR_DEFINITIONS = (
					"DEBUG=1",
					"$(inherited)",
				);
				GCC_WARN_64_TO_32_BIT_CONVERSION = YES;
				GCC_WARN_ABOUT_RETURN_TYPE = YES_ERROR;
				GCC_WARN_UNDECLARED_SELECTOR = YES;
				GCC_WARN_UNINITIALIZED_AUTOS = YES_AGGRESSIVE;
				GCC_WARN_UNUSED_FUNCTION = YES;
				INFOPLIST_FILE = "ThrowAwayAnimationExampleTests/ThrowAwayAnimationExampleTests-Info.plist";
				IPHONEOS_DEPLOYMENT_TARGET = 7.1;
				LIBRARY_SEARCH_PATHS = (
					"$(inherited)",
					"$(PROJECT_DIR)/Submodules/Kiwi/build/Debug-iphoneos",
				);
				PRODUCT_NAME = "$(TARGET_NAME)";
				TEST_HOST = "$(BUNDLE_LOADER)";
				USER_HEADER_SEARCH_PATHS = "\"$(SRCROOT)/Submodules/Kiwi\"/**";
				WRAPPER_EXTENSION = xctest;
			};
			name = Debug;
		};
		CED138ED190C75D500B5FFCA /* Release */ = {
			isa = XCBuildConfiguration;
			buildSettings = {
				BUNDLE_LOADER = "$(BUILT_PRODUCTS_DIR)/ThrowAwayAnimationExample.app/ThrowAwayAnimationExample";
				CLANG_ENABLE_MODULES = YES;
				CLANG_WARN_BOOL_CONVERSION = YES;
				CLANG_WARN_DIRECT_OBJC_ISA_USAGE = YES_ERROR;
				CLANG_WARN_OBJC_ROOT_CLASS = YES_ERROR;
				ENABLE_NS_ASSERTIONS = NO;
				FRAMEWORK_SEARCH_PATHS = (
					"$(SDKROOT)/Developer/Library/Frameworks",
					"$(inherited)",
					"$(DEVELOPER_FRAMEWORKS_DIR)",
				);
				GCC_PRECOMPILE_PREFIX_HEADER = YES;
				GCC_PREFIX_HEADER = "ThrowAwayAnimationExampleTests/ThrowAwayAnimationExampleTests-Prefix.pch";
				GCC_WARN_64_TO_32_BIT_CONVERSION = YES;
				GCC_WARN_ABOUT_RETURN_TYPE = YES_ERROR;
				GCC_WARN_UNDECLARED_SELECTOR = YES;
				GCC_WARN_UNINITIALIZED_AUTOS = YES_AGGRESSIVE;
				GCC_WARN_UNUSED_FUNCTION = YES;
				INFOPLIST_FILE = "ThrowAwayAnimationExampleTests/ThrowAwayAnimationExampleTests-Info.plist";
				IPHONEOS_DEPLOYMENT_TARGET = 7.1;
				LIBRARY_SEARCH_PATHS = (
					"$(inherited)",
					"$(PROJECT_DIR)/Submodules/Kiwi/build/Debug-iphoneos",
				);
				PRODUCT_NAME = "$(TARGET_NAME)";
				TEST_HOST = "$(BUNDLE_LOADER)";
				USER_HEADER_SEARCH_PATHS = "\"$(SRCROOT)/Submodules/Kiwi\"/**";
				WRAPPER_EXTENSION = xctest;
			};
			name = Release;
		};
/* End XCBuildConfiguration section */

/* Begin XCConfigurationList section */
		CE9B15091754CF2E006BF165 /* Build configuration list for PBXProject "ThrowAwayAnimationExample" */ = {
			isa = XCConfigurationList;
			buildConfigurations = (
				CE9B152F1754CF2E006BF165 /* Debug */,
				CE9B15301754CF2E006BF165 /* Release */,
			);
			defaultConfigurationIsVisible = 0;
			defaultConfigurationName = Release;
		};
		CE9B15311754CF2E006BF165 /* Build configuration list for PBXNativeTarget "ThrowAwayAnimationExample" */ = {
			isa = XCConfigurationList;
			buildConfigurations = (
				CE9B15321754CF2E006BF165 /* Debug */,
				CE9B15331754CF2E006BF165 /* Release */,
			);
			defaultConfigurationIsVisible = 0;
			defaultConfigurationName = Release;
		};
		CED138EB190C75D500B5FFCA /* Build configuration list for PBXNativeTarget "ThrowAwayAnimationExampleTests" */ = {
			isa = XCConfigurationList;
			buildConfigurations = (
				CED138EC190C75D500B5FFCA /* Debug */,
				CED138ED190C75D500B5FFCA /* Release */,
			);
			defaultConfigurationIsVisible = 0;
			defaultConfigurationName = Release;
		};
/* End XCConfigurationList section */
	};
	rootObject = CE9B15061754CF2E006BF165 /* Project object */;
}
